// !$*UTF8*$!
{
	archiveVersion = 1;
	classes = {
	};
	objectVersion = 55;
	objects = {

/* Begin PBXBuildFile section */
		285879AF2872C532008F0C10 /* ScrumdingerApp.swift in Sources */ = {isa = PBXBuildFile; fileRef = 285879AE2872C532008F0C10 /* ScrumdingerApp.swift */; };
		285879B12872C532008F0C10 /* MeetingView.swift in Sources */ = {isa = PBXBuildFile; fileRef = 285879B02872C532008F0C10 /* MeetingView.swift */; };
		285879B32872C535008F0C10 /* Assets.xcassets in Resources */ = {isa = PBXBuildFile; fileRef = 285879B22872C535008F0C10 /* Assets.xcassets */; };
		285879B62872C535008F0C10 /* Preview Assets.xcassets in Resources */ = {isa = PBXBuildFile; fileRef = 285879B52872C535008F0C10 /* Preview Assets.xcassets */; };
		285879C02872C536008F0C10 /* ScrumdingerTests.swift in Sources */ = {isa = PBXBuildFile; fileRef = 285879BF2872C536008F0C10 /* ScrumdingerTests.swift */; };
		285879CA2872C536008F0C10 /* ScrumdingerUITests.swift in Sources */ = {isa = PBXBuildFile; fileRef = 285879C92872C536008F0C10 /* ScrumdingerUITests.swift */; };
		285879CC2872C536008F0C10 /* ScrumdingerUITestsLaunchTests.swift in Sources */ = {isa = PBXBuildFile; fileRef = 285879CB2872C536008F0C10 /* ScrumdingerUITestsLaunchTests.swift */; };
		2862831C2888C2B600B96587 /* ScrumStore.swift in Sources */ = {isa = PBXBuildFile; fileRef = 2862831B2888C2B600B96587 /* ScrumStore.swift */; };
		2862831E28897D5E00B96587 /* ErrorWrapper.swift in Sources */ = {isa = PBXBuildFile; fileRef = 2862831D28897D5E00B96587 /* ErrorWrapper.swift */; };
		2862832028897E8E00B96587 /* ErrorView.swift in Sources */ = {isa = PBXBuildFile; fileRef = 2862831F28897E8E00B96587 /* ErrorView.swift */; };
		28632C1D2873EDC100F07F80 /* Theme.swift in Sources */ = {isa = PBXBuildFile; fileRef = 28632C1C2873EDC100F07F80 /* Theme.swift */; };
		28632C1F2873F59700F07F80 /* DailyScrum.swift in Sources */ = {isa = PBXBuildFile; fileRef = 28632C1E2873F59700F07F80 /* DailyScrum.swift */; };
		28632C212873F6F400F07F80 /* CardView.swift in Sources */ = {isa = PBXBuildFile; fileRef = 28632C202873F6F400F07F80 /* CardView.swift */; };
		28632C232874270A00F07F80 /* TrailingIconLabelStyle.swift in Sources */ = {isa = PBXBuildFile; fileRef = 28632C222874270A00F07F80 /* TrailingIconLabelStyle.swift */; };
		28632C2528742FF300F07F80 /* ScrumsView.swift in Sources */ = {isa = PBXBuildFile; fileRef = 28632C2428742FF300F07F80 /* ScrumsView.swift */; };
		28632C2728743ECB00F07F80 /* DetailView.swift in Sources */ = {isa = PBXBuildFile; fileRef = 28632C2628743ECB00F07F80 /* DetailView.swift */; };
		28632C2928770CB000F07F80 /* DetailEditView.swift in Sources */ = {isa = PBXBuildFile; fileRef = 28632C2828770CB000F07F80 /* DetailEditView.swift */; };
		28632C2B287842A300F07F80 /* ThemeView.swift in Sources */ = {isa = PBXBuildFile; fileRef = 28632C2A287842A300F07F80 /* ThemeView.swift */; };
		28632C2D2878478E00F07F80 /* ThemePicker.swift in Sources */ = {isa = PBXBuildFile; fileRef = 28632C2C2878478E00F07F80 /* ThemePicker.swift */; };
		28632C2F287E42BE00F07F80 /* MeetingHeaderView.swift in Sources */ = {isa = PBXBuildFile; fileRef = 28632C2E287E42BE00F07F80 /* MeetingHeaderView.swift */; };
		28632C31287E499D00F07F80 /* ScrumProgressViewStyle.swift in Sources */ = {isa = PBXBuildFile; fileRef = 28632C30287E499C00F07F80 /* ScrumProgressViewStyle.swift */; };
		28632C33287E4C5800F07F80 /* ScrumTimer.swift in Sources */ = {isa = PBXBuildFile; fileRef = 28632C32287E4C5800F07F80 /* ScrumTimer.swift */; };
		28632C35287EA53000F07F80 /* MeetingFooterView.swift in Sources */ = {isa = PBXBuildFile; fileRef = 28632C34287EA53000F07F80 /* MeetingFooterView.swift */; };
		28632C37287EC10700F07F80 /* AVPlayer+Ding.swift in Sources */ = {isa = PBXBuildFile; fileRef = 28632C36287EC10700F07F80 /* AVPlayer+Ding.swift */; };
		28632C3A287EC1EE00F07F80 /* ding.wav in Resources */ = {isa = PBXBuildFile; fileRef = 28632C39287EC1EE00F07F80 /* ding.wav */; };
		28632CBF288816F000F07F80 /* History.swift in Sources */ = {isa = PBXBuildFile; fileRef = 28632CBE288816EF00F07F80 /* History.swift */; };
/* End PBXBuildFile section */

/* Begin PBXContainerItemProxy section */
		285879BC2872C536008F0C10 /* PBXContainerItemProxy */ = {
			isa = PBXContainerItemProxy;
			containerPortal = 285879A32872C532008F0C10 /* Project object */;
			proxyType = 1;
			remoteGlobalIDString = 285879AA2872C532008F0C10;
			remoteInfo = Scrumdinger;
		};
		285879C62872C536008F0C10 /* PBXContainerItemProxy */ = {
			isa = PBXContainerItemProxy;
			containerPortal = 285879A32872C532008F0C10 /* Project object */;
			proxyType = 1;
			remoteGlobalIDString = 285879AA2872C532008F0C10;
			remoteInfo = Scrumdinger;
		};
/* End PBXContainerItemProxy section */

/* Begin PBXFileReference section */
		285879AB2872C532008F0C10 /* Scrumdinger.app */ = {isa = PBXFileReference; explicitFileType = wrapper.application; includeInIndex = 0; path = Scrumdinger.app; sourceTree = BUILT_PRODUCTS_DIR; };
		285879AE2872C532008F0C10 /* ScrumdingerApp.swift */ = {isa = PBXFileReference; lastKnownFileType = sourcecode.swift; path = ScrumdingerApp.swift; sourceTree = "<group>"; };
		285879B02872C532008F0C10 /* MeetingView.swift */ = {isa = PBXFileReference; lastKnownFileType = sourcecode.swift; path = MeetingView.swift; sourceTree = "<group>"; };
		285879B22872C535008F0C10 /* Assets.xcassets */ = {isa = PBXFileReference; lastKnownFileType = folder.assetcatalog; path = Assets.xcassets; sourceTree = "<group>"; };
		285879B52872C535008F0C10 /* Preview Assets.xcassets */ = {isa = PBXFileReference; lastKnownFileType = folder.assetcatalog; path = "Preview Assets.xcassets"; sourceTree = "<group>"; };
		285879BB2872C536008F0C10 /* ScrumdingerTests.xctest */ = {isa = PBXFileReference; explicitFileType = wrapper.cfbundle; includeInIndex = 0; path = ScrumdingerTests.xctest; sourceTree = BUILT_PRODUCTS_DIR; };
		285879BF2872C536008F0C10 /* ScrumdingerTests.swift */ = {isa = PBXFileReference; lastKnownFileType = sourcecode.swift; path = ScrumdingerTests.swift; sourceTree = "<group>"; };
		285879C52872C536008F0C10 /* ScrumdingerUITests.xctest */ = {isa = PBXFileReference; explicitFileType = wrapper.cfbundle; includeInIndex = 0; path = ScrumdingerUITests.xctest; sourceTree = BUILT_PRODUCTS_DIR; };
		285879C92872C536008F0C10 /* ScrumdingerUITests.swift */ = {isa = PBXFileReference; lastKnownFileType = sourcecode.swift; path = ScrumdingerUITests.swift; sourceTree = "<group>"; };
		285879CB2872C536008F0C10 /* ScrumdingerUITestsLaunchTests.swift */ = {isa = PBXFileReference; lastKnownFileType = sourcecode.swift; path = ScrumdingerUITestsLaunchTests.swift; sourceTree = "<group>"; };
		2862831B2888C2B600B96587 /* ScrumStore.swift */ = {isa = PBXFileReference; lastKnownFileType = sourcecode.swift; path = ScrumStore.swift; sourceTree = "<group>"; };
		2862831D28897D5E00B96587 /* ErrorWrapper.swift */ = {isa = PBXFileReference; lastKnownFileType = sourcecode.swift; path = ErrorWrapper.swift; sourceTree = "<group>"; };
		2862831F28897E8E00B96587 /* ErrorView.swift */ = {isa = PBXFileReference; lastKnownFileType = sourcecode.swift; path = ErrorView.swift; sourceTree = "<group>"; };
		28632C1C2873EDC100F07F80 /* Theme.swift */ = {isa = PBXFileReference; lastKnownFileType = sourcecode.swift; path = Theme.swift; sourceTree = "<group>"; };
		28632C1E2873F59700F07F80 /* DailyScrum.swift */ = {isa = PBXFileReference; lastKnownFileType = sourcecode.swift; path = DailyScrum.swift; sourceTree = "<group>"; };
		28632C202873F6F400F07F80 /* CardView.swift */ = {isa = PBXFileReference; lastKnownFileType = sourcecode.swift; path = CardView.swift; sourceTree = "<group>"; };
		28632C222874270A00F07F80 /* TrailingIconLabelStyle.swift */ = {isa = PBXFileReference; lastKnownFileType = sourcecode.swift; path = TrailingIconLabelStyle.swift; sourceTree = "<group>"; };
		28632C2428742FF300F07F80 /* ScrumsView.swift */ = {isa = PBXFileReference; lastKnownFileType = sourcecode.swift; path = ScrumsView.swift; sourceTree = "<group>"; };
		28632C2628743ECB00F07F80 /* DetailView.swift */ = {isa = PBXFileReference; lastKnownFileType = sourcecode.swift; path = DetailView.swift; sourceTree = "<group>"; };
		28632C2828770CB000F07F80 /* DetailEditView.swift */ = {isa = PBXFileReference; lastKnownFileType = sourcecode.swift; path = DetailEditView.swift; sourceTree = "<group>"; };
		28632C2A287842A300F07F80 /* ThemeView.swift */ = {isa = PBXFileReference; lastKnownFileType = sourcecode.swift; path = ThemeView.swift; sourceTree = "<group>"; };
		28632C2C2878478E00F07F80 /* ThemePicker.swift */ = {isa = PBXFileReference; lastKnownFileType = sourcecode.swift; path = ThemePicker.swift; sourceTree = "<group>"; };
		28632C2E287E42BE00F07F80 /* MeetingHeaderView.swift */ = {isa = PBXFileReference; lastKnownFileType = sourcecode.swift; path = MeetingHeaderView.swift; sourceTree = "<group>"; };
		28632C30287E499C00F07F80 /* ScrumProgressViewStyle.swift */ = {isa = PBXFileReference; lastKnownFileType = sourcecode.swift; path = ScrumProgressViewStyle.swift; sourceTree = "<group>"; };
		28632C32287E4C5800F07F80 /* ScrumTimer.swift */ = {isa = PBXFileReference; lastKnownFileType = sourcecode.swift; path = ScrumTimer.swift; sourceTree = "<group>"; };
		28632C34287EA53000F07F80 /* MeetingFooterView.swift */ = {isa = PBXFileReference; lastKnownFileType = sourcecode.swift; path = MeetingFooterView.swift; sourceTree = "<group>"; };
		28632C36287EC10700F07F80 /* AVPlayer+Ding.swift */ = {isa = PBXFileReference; lastKnownFileType = sourcecode.swift; path = "AVPlayer+Ding.swift"; sourceTree = "<group>"; };
		28632C39287EC1EE00F07F80 /* ding.wav */ = {isa = PBXFileReference; lastKnownFileType = audio.wav; path = ding.wav; sourceTree = "<group>"; };
		28632CBE288816EF00F07F80 /* History.swift */ = {isa = PBXFileReference; lastKnownFileType = sourcecode.swift; path = History.swift; sourceTree = "<group>"; };
/* End PBXFileReference section */

/* Begin PBXFrameworksBuildPhase section */
		285879A82872C532008F0C10 /* Frameworks */ = {
			isa = PBXFrameworksBuildPhase;
			buildActionMask = 2147483647;
			files = (
			);
			runOnlyForDeploymentPostprocessing = 0;
		};
		285879B82872C536008F0C10 /* Frameworks */ = {
			isa = PBXFrameworksBuildPhase;
			buildActionMask = 2147483647;
			files = (
			);
			runOnlyForDeploymentPostprocessing = 0;
		};
		285879C22872C536008F0C10 /* Frameworks */ = {
			isa = PBXFrameworksBuildPhase;
			buildActionMask = 2147483647;
			files = (
			);
			runOnlyForDeploymentPostprocessing = 0;
		};
/* End PBXFrameworksBuildPhase section */

/* Begin PBXGroup section */
		285879A22872C532008F0C10 = {
			isa = PBXGroup;
			children = (
				285879AD2872C532008F0C10 /* Scrumdinger */,
				285879BE2872C536008F0C10 /* ScrumdingerTests */,
				285879C82872C536008F0C10 /* ScrumdingerUITests */,
				285879AC2872C532008F0C10 /* Products */,
			);
			sourceTree = "<group>";
		};
		285879AC2872C532008F0C10 /* Products */ = {
			isa = PBXGroup;
			children = (
				285879AB2872C532008F0C10 /* Scrumdinger.app */,
				285879BB2872C536008F0C10 /* ScrumdingerTests.xctest */,
				285879C52872C536008F0C10 /* ScrumdingerUITests.xctest */,
			);
			name = Products;
			sourceTree = "<group>";
		};
		285879AD2872C532008F0C10 /* Scrumdinger */ = {
			isa = PBXGroup;
			children = (
				28632C202873F6F400F07F80 /* CardView.swift */,
				28632C2828770CB000F07F80 /* DetailEditView.swift */,
				28632C2628743ECB00F07F80 /* DetailView.swift */,
				2862831F28897E8E00B96587 /* ErrorView.swift */,
				28632C34287EA53000F07F80 /* MeetingFooterView.swift */,
				28632C2E287E42BE00F07F80 /* MeetingHeaderView.swift */,
				285879B02872C532008F0C10 /* MeetingView.swift */,
				285879AE2872C532008F0C10 /* ScrumdingerApp.swift */,
				28632C30287E499C00F07F80 /* ScrumProgressViewStyle.swift */,
				28632C2428742FF300F07F80 /* ScrumsView.swift */,
				28632C2C2878478E00F07F80 /* ThemePicker.swift */,
				28632C2A287842A300F07F80 /* ThemeView.swift */,
				28632C222874270A00F07F80 /* TrailingIconLabelStyle.swift */,
				285879B22872C535008F0C10 /* Assets.xcassets */,
				28632C1B2873EDB100F07F80 /* Models */,
				285879B42872C535008F0C10 /* Preview Content */,
				28632C38287EC19900F07F80 /* Resources */,
			);
			path = Scrumdinger;
			sourceTree = "<group>";
		};
		285879B42872C535008F0C10 /* Preview Content */ = {
			isa = PBXGroup;
			children = (
				285879B52872C535008F0C10 /* Preview Assets.xcassets */,
			);
			path = "Preview Content";
			sourceTree = "<group>";
		};
		285879BE2872C536008F0C10 /* ScrumdingerTests */ = {
			isa = PBXGroup;
			children = (
				285879BF2872C536008F0C10 /* ScrumdingerTests.swift */,
			);
			path = ScrumdingerTests;
			sourceTree = "<group>";
		};
		285879C82872C536008F0C10 /* ScrumdingerUITests */ = {
			isa = PBXGroup;
			children = (
				285879C92872C536008F0C10 /* ScrumdingerUITests.swift */,
				285879CB2872C536008F0C10 /* ScrumdingerUITestsLaunchTests.swift */,
			);
			path = ScrumdingerUITests;
			sourceTree = "<group>";
		};
		28632C1B2873EDB100F07F80 /* Models */ = {
			isa = PBXGroup;
			children = (
				28632C36287EC10700F07F80 /* AVPlayer+Ding.swift */,
				28632C1E2873F59700F07F80 /* DailyScrum.swift */,
				2862831D28897D5E00B96587 /* ErrorWrapper.swift */,
				28632CBE288816EF00F07F80 /* History.swift */,
				2862831B2888C2B600B96587 /* ScrumStore.swift */,
				28632C32287E4C5800F07F80 /* ScrumTimer.swift */,
				28632C1C2873EDC100F07F80 /* Theme.swift */,
			);
			path = Models;
			sourceTree = "<group>";
		};
		28632C38287EC19900F07F80 /* Resources */ = {
			isa = PBXGroup;
			children = (
				28632C39287EC1EE00F07F80 /* ding.wav */,
			);
			path = Resources;
			sourceTree = "<group>";
		};
/* End PBXGroup section */

/* Begin PBXNativeTarget section */
		285879AA2872C532008F0C10 /* Scrumdinger */ = {
			isa = PBXNativeTarget;
			buildConfigurationList = 285879CF2872C536008F0C10 /* Build configuration list for PBXNativeTarget "Scrumdinger" */;
			buildPhases = (
				28632C1A2872D9E400F07F80 /* Run Script For SwiftFormat */,
				285879A72872C532008F0C10 /* Sources */,
				285879A82872C532008F0C10 /* Frameworks */,
				285879A92872C532008F0C10 /* Resources */,
			);
			buildRules = (
			);
			dependencies = (
			);
			name = Scrumdinger;
			productName = Scrumdinger;
			productReference = 285879AB2872C532008F0C10 /* Scrumdinger.app */;
			productType = "com.apple.product-type.application";
		};
		285879BA2872C536008F0C10 /* ScrumdingerTests */ = {
			isa = PBXNativeTarget;
			buildConfigurationList = 285879D22872C536008F0C10 /* Build configuration list for PBXNativeTarget "ScrumdingerTests" */;
			buildPhases = (
				285879B72872C536008F0C10 /* Sources */,
				285879B82872C536008F0C10 /* Frameworks */,
				285879B92872C536008F0C10 /* Resources */,
			);
			buildRules = (
			);
			dependencies = (
				285879BD2872C536008F0C10 /* PBXTargetDependency */,
			);
			name = ScrumdingerTests;
			productName = ScrumdingerTests;
			productReference = 285879BB2872C536008F0C10 /* ScrumdingerTests.xctest */;
			productType = "com.apple.product-type.bundle.unit-test";
		};
		285879C42872C536008F0C10 /* ScrumdingerUITests */ = {
			isa = PBXNativeTarget;
			buildConfigurationList = 285879D52872C536008F0C10 /* Build configuration list for PBXNativeTarget "ScrumdingerUITests" */;
			buildPhases = (
				285879C12872C536008F0C10 /* Sources */,
				285879C22872C536008F0C10 /* Frameworks */,
				285879C32872C536008F0C10 /* Resources */,
			);
			buildRules = (
			);
			dependencies = (
				285879C72872C536008F0C10 /* PBXTargetDependency */,
			);
			name = ScrumdingerUITests;
			productName = ScrumdingerUITests;
			productReference = 285879C52872C536008F0C10 /* ScrumdingerUITests.xctest */;
			productType = "com.apple.product-type.bundle.ui-testing";
		};
/* End PBXNativeTarget section */

/* Begin PBXProject section */
		285879A32872C532008F0C10 /* Project object */ = {
			isa = PBXProject;
			attributes = {
				BuildIndependentTargetsInParallel = 1;
				LastSwiftUpdateCheck = 1340;
				LastUpgradeCheck = 1340;
				TargetAttributes = {
					285879AA2872C532008F0C10 = {
						CreatedOnToolsVersion = 13.4.1;
					};
					285879BA2872C536008F0C10 = {
						CreatedOnToolsVersion = 13.4.1;
						TestTargetID = 285879AA2872C532008F0C10;
					};
					285879C42872C536008F0C10 = {
						CreatedOnToolsVersion = 13.4.1;
						TestTargetID = 285879AA2872C532008F0C10;
					};
				};
			};
			buildConfigurationList = 285879A62872C532008F0C10 /* Build configuration list for PBXProject "Scrumdinger" */;
			compatibilityVersion = "Xcode 13.0";
			developmentRegion = en;
			hasScannedForEncodings = 0;
			knownRegions = (
				en,
				Base,
			);
			mainGroup = 285879A22872C532008F0C10;
			productRefGroup = 285879AC2872C532008F0C10 /* Products */;
			projectDirPath = "";
			projectRoot = "";
			targets = (
				285879AA2872C532008F0C10 /* Scrumdinger */,
				285879BA2872C536008F0C10 /* ScrumdingerTests */,
				285879C42872C536008F0C10 /* ScrumdingerUITests */,
			);
		};
/* End PBXProject section */

/* Begin PBXResourcesBuildPhase section */
		285879A92872C532008F0C10 /* Resources */ = {
			isa = PBXResourcesBuildPhase;
			buildActionMask = 2147483647;
			files = (
				28632C3A287EC1EE00F07F80 /* ding.wav in Resources */,
				285879B62872C535008F0C10 /* Preview Assets.xcassets in Resources */,
				285879B32872C535008F0C10 /* Assets.xcassets in Resources */,
			);
			runOnlyForDeploymentPostprocessing = 0;
		};
		285879B92872C536008F0C10 /* Resources */ = {
			isa = PBXResourcesBuildPhase;
			buildActionMask = 2147483647;
			files = (
			);
			runOnlyForDeploymentPostprocessing = 0;
		};
		285879C32872C536008F0C10 /* Resources */ = {
			isa = PBXResourcesBuildPhase;
			buildActionMask = 2147483647;
			files = (
			);
			runOnlyForDeploymentPostprocessing = 0;
		};
/* End PBXResourcesBuildPhase section */

/* Begin PBXShellScriptBuildPhase section */
		28632C1A2872D9E400F07F80 /* Run Script For SwiftFormat */ = {
			isa = PBXShellScriptBuildPhase;
			buildActionMask = 2147483647;
			files = (
			);
			inputFileListPaths = (
			);
			inputPaths = (
			);
			name = "Run Script For SwiftFormat";
			outputFileListPaths = (
			);
			outputPaths = (
			);
			runOnlyForDeploymentPostprocessing = 0;
			shellPath = /bin/sh;
			shellScript = "cd BuildTools\nSDKROOT=(xcrun --sdk macosx --show-sdk-path)\n#swift package update #Uncomment this line temporarily to update the version used to the latest matching your BuildTools/Package.swift file\nswift run -c release swiftformat \"$SRCROOT\"\n";
		};
/* End PBXShellScriptBuildPhase section */

/* Begin PBXSourcesBuildPhase section */
		285879A72872C532008F0C10 /* Sources */ = {
			isa = PBXSourcesBuildPhase;
			buildActionMask = 2147483647;
			files = (
				28632CBF288816F000F07F80 /* History.swift in Sources */,
				28632C2D2878478E00F07F80 /* ThemePicker.swift in Sources */,
				28632C31287E499D00F07F80 /* ScrumProgressViewStyle.swift in Sources */,
				28632C35287EA53000F07F80 /* MeetingFooterView.swift in Sources */,
				2862831C2888C2B600B96587 /* ScrumStore.swift in Sources */,
				28632C33287E4C5800F07F80 /* ScrumTimer.swift in Sources */,
				28632C1F2873F59700F07F80 /* DailyScrum.swift in Sources */,
				28632C2728743ECB00F07F80 /* DetailView.swift in Sources */,
				28632C2F287E42BE00F07F80 /* MeetingHeaderView.swift in Sources */,
				28632C2928770CB000F07F80 /* DetailEditView.swift in Sources */,
				2862831E28897D5E00B96587 /* ErrorWrapper.swift in Sources */,
				28632C2528742FF300F07F80 /* ScrumsView.swift in Sources */,
				28632C232874270A00F07F80 /* TrailingIconLabelStyle.swift in Sources */,
				28632C1D2873EDC100F07F80 /* Theme.swift in Sources */,
				285879B12872C532008F0C10 /* MeetingView.swift in Sources */,
				2862832028897E8E00B96587 /* ErrorView.swift in Sources */,
				285879AF2872C532008F0C10 /* ScrumdingerApp.swift in Sources */,
				28632C2B287842A300F07F80 /* ThemeView.swift in Sources */,
				28632C212873F6F400F07F80 /* CardView.swift in Sources */,
				28632C37287EC10700F07F80 /* AVPlayer+Ding.swift in Sources */,
			);
			runOnlyForDeploymentPostprocessing = 0;
		};
		285879B72872C536008F0C10 /* Sources */ = {
			isa = PBXSourcesBuildPhase;
			buildActionMask = 2147483647;
			files = (
				285879C02872C536008F0C10 /* ScrumdingerTests.swift in Sources */,
			);
			runOnlyForDeploymentPostprocessing = 0;
		};
		285879C12872C536008F0C10 /* Sources */ = {
			isa = PBXSourcesBuildPhase;
			buildActionMask = 2147483647;
			files = (
				285879CC2872C536008F0C10 /* ScrumdingerUITestsLaunchTests.swift in Sources */,
				285879CA2872C536008F0C10 /* ScrumdingerUITests.swift in Sources */,
			);
			runOnlyForDeploymentPostprocessing = 0;
		};
/* End PBXSourcesBuildPhase section */

/* Begin PBXTargetDependency section */
		285879BD2872C536008F0C10 /* PBXTargetDependency */ = {
			isa = PBXTargetDependency;
			target = 285879AA2872C532008F0C10 /* Scrumdinger */;
			targetProxy = 285879BC2872C536008F0C10 /* PBXContainerItemProxy */;
		};
		285879C72872C536008F0C10 /* PBXTargetDependency */ = {
			isa = PBXTargetDependency;
			target = 285879AA2872C532008F0C10 /* Scrumdinger */;
			targetProxy = 285879C62872C536008F0C10 /* PBXContainerItemProxy */;
		};
/* End PBXTargetDependency section */

/* Begin XCBuildConfiguration section */
		285879CD2872C536008F0C10 /* Debug */ = {
			isa = XCBuildConfiguration;
			buildSettings = {
				ALWAYS_SEARCH_USER_PATHS = NO;
				CLANG_ANALYZER_NONNULL = YES;
				CLANG_ANALYZER_NUMBER_OBJECT_CONVERSION = YES_AGGRESSIVE;
				CLANG_CXX_LANGUAGE_STANDARD = "gnu++17";
				CLANG_ENABLE_MODULES = YES;
				CLANG_ENABLE_OBJC_ARC = YES;
				CLANG_ENABLE_OBJC_WEAK = YES;
				CLANG_WARN_BLOCK_CAPTURE_AUTORELEASING = YES;
				CLANG_WARN_BOOL_CONVERSION = YES;
				CLANG_WARN_COMMA = YES;
				CLANG_WARN_CONSTANT_CONVERSION = YES;
				CLANG_WARN_DEPRECATED_OBJC_IMPLEMENTATIONS = YES;
				CLANG_WARN_DIRECT_OBJC_ISA_USAGE = YES_ERROR;
				CLANG_WARN_DOCUMENTATION_COMMENTS = YES;
				CLANG_WARN_EMPTY_BODY = YES;
				CLANG_WARN_ENUM_CONVERSION = YES;
				CLANG_WARN_INFINITE_RECURSION = YES;
				CLANG_WARN_INT_CONVERSION = YES;
				CLANG_WARN_NON_LITERAL_NULL_CONVERSION = YES;
				CLANG_WARN_OBJC_IMPLICIT_RETAIN_SELF = YES;
				CLANG_WARN_OBJC_LITERAL_CONVERSION = YES;
				CLANG_WARN_OBJC_ROOT_CLASS = YES_ERROR;
				CLANG_WARN_QUOTED_INCLUDE_IN_FRAMEWORK_HEADER = YES;
				CLANG_WARN_RANGE_LOOP_ANALYSIS = YES;
				CLANG_WARN_STRICT_PROTOTYPES = YES;
				CLANG_WARN_SUSPICIOUS_MOVE = YES;
				CLANG_WARN_UNGUARDED_AVAILABILITY = YES_AGGRESSIVE;
				CLANG_WARN_UNREACHABLE_CODE = YES;
				CLANG_WARN__DUPLICATE_METHOD_MATCH = YES;
				COPY_PHASE_STRIP = NO;
				DEBUG_INFORMATION_FORMAT = dwarf;
				ENABLE_STRICT_OBJC_MSGSEND = YES;
				ENABLE_TESTABILITY = YES;
				GCC_C_LANGUAGE_STANDARD = gnu11;
				GCC_DYNAMIC_NO_PIC = NO;
				GCC_NO_COMMON_BLOCKS = YES;
				GCC_OPTIMIZATION_LEVEL = 0;
				GCC_PREPROCESSOR_DEFINITIONS = (
					"DEBUG=1",
					"$(inherited)",
				);
				GCC_WARN_64_TO_32_BIT_CONVERSION = YES;
				GCC_WARN_ABOUT_RETURN_TYPE = YES_ERROR;
				GCC_WARN_UNDECLARED_SELECTOR = YES;
				GCC_WARN_UNINITIALIZED_AUTOS = YES_AGGRESSIVE;
				GCC_WARN_UNUSED_FUNCTION = YES;
				GCC_WARN_UNUSED_VARIABLE = YES;
				IPHONEOS_DEPLOYMENT_TARGET = 15.0;
				MTL_ENABLE_DEBUG_INFO = INCLUDE_SOURCE;
				MTL_FAST_MATH = YES;
				ONLY_ACTIVE_ARCH = YES;
				SDKROOT = iphoneos;
				SWIFT_ACTIVE_COMPILATION_CONDITIONS = DEBUG;
				SWIFT_OPTIMIZATION_LEVEL = "-Onone";
			};
			name = Debug;
		};
		285879CE2872C536008F0C10 /* Release */ = {
			isa = XCBuildConfiguration;
			buildSettings = {
				ALWAYS_SEARCH_USER_PATHS = NO;
				CLANG_ANALYZER_NONNULL = YES;
				CLANG_ANALYZER_NUMBER_OBJECT_CONVERSION = YES_AGGRESSIVE;
				CLANG_CXX_LANGUAGE_STANDARD = "gnu++17";
				CLANG_ENABLE_MODULES = YES;
				CLANG_ENABLE_OBJC_ARC = YES;
				CLANG_ENABLE_OBJC_WEAK = YES;
				CLANG_WARN_BLOCK_CAPTURE_AUTORELEASING = YES;
				CLANG_WARN_BOOL_CONVERSION = YES;
				CLANG_WARN_COMMA = YES;
				CLANG_WARN_CONSTANT_CONVERSION = YES;
				CLANG_WARN_DEPRECATED_OBJC_IMPLEMENTATIONS = YES;
				CLANG_WARN_DIRECT_OBJC_ISA_USAGE = YES_ERROR;
				CLANG_WARN_DOCUMENTATION_COMMENTS = YES;
				CLANG_WARN_EMPTY_BODY = YES;
				CLANG_WARN_ENUM_CONVERSION = YES;
				CLANG_WARN_INFINITE_RECURSION = YES;
				CLANG_WARN_INT_CONVERSION = YES;
				CLANG_WARN_NON_LITERAL_NULL_CONVERSION = YES;
				CLANG_WARN_OBJC_IMPLICIT_RETAIN_SELF = YES;
				CLANG_WARN_OBJC_LITERAL_CONVERSION = YES;
				CLANG_WARN_OBJC_ROOT_CLASS = YES_ERROR;
				CLANG_WARN_QUOTED_INCLUDE_IN_FRAMEWORK_HEADER = YES;
				CLANG_WARN_RANGE_LOOP_ANALYSIS = YES;
				CLANG_WARN_STRICT_PROTOTYPES = YES;
				CLANG_WARN_SUSPICIOUS_MOVE = YES;
				CLANG_WARN_UNGUARDED_AVAILABILITY = YES_AGGRESSIVE;
				CLANG_WARN_UNREACHABLE_CODE = YES;
				CLANG_WARN__DUPLICATE_METHOD_MATCH = YES;
				COPY_PHASE_STRIP = NO;
				DEBUG_INFORMATION_FORMAT = "dwarf-with-dsym";
				ENABLE_NS_ASSERTIONS = NO;
				ENABLE_STRICT_OBJC_MSGSEND = YES;
				GCC_C_LANGUAGE_STANDARD = gnu11;
				GCC_NO_COMMON_BLOCKS = YES;
				GCC_WARN_64_TO_32_BIT_CONVERSION = YES;
				GCC_WARN_ABOUT_RETURN_TYPE = YES_ERROR;
				GCC_WARN_UNDECLARED_SELECTOR = YES;
				GCC_WARN_UNINITIALIZED_AUTOS = YES_AGGRESSIVE;
				GCC_WARN_UNUSED_FUNCTION = YES;
				GCC_WARN_UNUSED_VARIABLE = YES;
				IPHONEOS_DEPLOYMENT_TARGET = 15.0;
				MTL_ENABLE_DEBUG_INFO = NO;
				MTL_FAST_MATH = YES;
				SDKROOT = iphoneos;
				SWIFT_COMPILATION_MODE = wholemodule;
				SWIFT_OPTIMIZATION_LEVEL = "-O";
				VALIDATE_PRODUCT = YES;
			};
			name = Release;
		};
		285879D02872C536008F0C10 /* Debug */ = {
			isa = XCBuildConfiguration;
			buildSettings = {
				ASSETCATALOG_COMPILER_APPICON_NAME = AppIcon;
				ASSETCATALOG_COMPILER_GLOBAL_ACCENT_COLOR_NAME = AccentColor;
				CODE_SIGN_STYLE = Automatic;
				CURRENT_PROJECT_VERSION = 1;
				DEVELOPMENT_ASSET_PATHS = "\"Scrumdinger/Preview Content\"";
				DEVELOPMENT_TEAM = D36U9R66JG;
				ENABLE_PREVIEWS = YES;
				GENERATE_INFOPLIST_FILE = YES;
				INFOPLIST_KEY_UIApplicationSceneManifest_Generation = YES;
				INFOPLIST_KEY_UIApplicationSupportsIndirectInputEvents = YES;
				INFOPLIST_KEY_UILaunchScreen_Generation = YES;
				INFOPLIST_KEY_UISupportedInterfaceOrientations_iPad = "UIInterfaceOrientationPortrait UIInterfaceOrientationPortraitUpsideDown UIInterfaceOrientationLandscapeLeft UIInterfaceOrientationLandscapeRight";
				INFOPLIST_KEY_UISupportedInterfaceOrientations_iPhone = "UIInterfaceOrientationPortrait UIInterfaceOrientationLandscapeLeft UIInterfaceOrientationLandscapeRight";
				IPHONEOS_DEPLOYMENT_TARGET = 15.0;
				LD_RUNPATH_SEARCH_PATHS = (
					"$(inherited)",
					"@executable_path/Frameworks",
				);
				MARKETING_VERSION = 1.0;
				PRODUCT_BUNDLE_IDENTIFIER = "com.m-rn.Scrumdinger";
				PRODUCT_NAME = "$(TARGET_NAME)";
				SWIFT_EMIT_LOC_STRINGS = YES;
				SWIFT_VERSION = 5.0;
				TARGETED_DEVICE_FAMILY = "1,2";
			};
			name = Debug;
		};
		285879D12872C536008F0C10 /* Release */ = {
			isa = XCBuildConfiguration;
			buildSettings = {
				ASSETCATALOG_COMPILER_APPICON_NAME = AppIcon;
				ASSETCATALOG_COMPILER_GLOBAL_ACCENT_COLOR_NAME = AccentColor;
				CODE_SIGN_STYLE = Automatic;
				CURRENT_PROJECT_VERSION = 1;
				DEVELOPMENT_ASSET_PATHS = "\"Scrumdinger/Preview Content\"";
				DEVELOPMENT_TEAM = D36U9R66JG;
				ENABLE_PREVIEWS = YES;
				GENERATE_INFOPLIST_FILE = YES;
				INFOPLIST_KEY_UIApplicationSceneManifest_Generation = YES;
				INFOPLIST_KEY_UIApplicationSupportsIndirectInputEvents = YES;
				INFOPLIST_KEY_UILaunchScreen_Generation = YES;
				INFOPLIST_KEY_UISupportedInterfaceOrientations_iPad = "UIInterfaceOrientationPortrait UIInterfaceOrientationPortraitUpsideDown UIInterfaceOrientationLandscapeLeft UIInterfaceOrientationLandscapeRight";
				INFOPLIST_KEY_UISupportedInterfaceOrientations_iPhone = "UIInterfaceOrientationPortrait UIInterfaceOrientationLandscapeLeft UIInterfaceOrientationLandscapeRight";
				IPHONEOS_DEPLOYMENT_TARGET = 15.0;
				LD_RUNPATH_SEARCH_PATHS = (
					"$(inherited)",
					"@executable_path/Frameworks",
				);
				MARKETING_VERSION = 1.0;
				PRODUCT_BUNDLE_IDENTIFIER = "com.m-rn.Scrumdinger";
				PRODUCT_NAME = "$(TARGET_NAME)";
				SWIFT_EMIT_LOC_STRINGS = YES;
				SWIFT_VERSION = 5.0;
				TARGETED_DEVICE_FAMILY = "1,2";
			};
			name = Release;
		};
		285879D32872C536008F0C10 /* Debug */ = {
			isa = XCBuildConfiguration;
			buildSettings = {
				ALWAYS_EMBED_SWIFT_STANDARD_LIBRARIES = YES;
				BUNDLE_LOADER = "$(TEST_HOST)";
				CODE_SIGN_STYLE = Automatic;
				CURRENT_PROJECT_VERSION = 1;
				DEVELOPMENT_TEAM = D36U9R66JG;
				GENERATE_INFOPLIST_FILE = YES;
				IPHONEOS_DEPLOYMENT_TARGET = 15.5;
				MARKETING_VERSION = 1.0;
				PRODUCT_BUNDLE_IDENTIFIER = "com.m-rn.ScrumdingerTests";
				PRODUCT_NAME = "$(TARGET_NAME)";
				SWIFT_EMIT_LOC_STRINGS = NO;
				SWIFT_VERSION = 5.0;
				TARGETED_DEVICE_FAMILY = "1,2";
				TEST_HOST = "$(BUILT_PRODUCTS_DIR)/Scrumdinger.app/Scrumdinger";
			};
			name = Debug;
		};
		285879D42872C536008F0C10 /* Release */ = {
			isa = XCBuildConfiguration;
			buildSettings = {
				ALWAYS_EMBED_SWIFT_STANDARD_LIBRARIES = YES;
				BUNDLE_LOADER = "$(TEST_HOST)";
				CODE_SIGN_STYLE = Automatic;
				CURRENT_PROJECT_VERSION = 1;
				DEVELOPMENT_TEAM = D36U9R66JG;
				GENERATE_INFOPLIST_FILE = YES;
				IPHONEOS_DEPLOYMENT_TARGET = 15.5;
				MARKETING_VERSION = 1.0;
				PRODUCT_BUNDLE_IDENTIFIER = "com.m-rn.ScrumdingerTests";
				PRODUCT_NAME = "$(TARGET_NAME)";
				SWIFT_EMIT_LOC_STRINGS = NO;
				SWIFT_VERSION = 5.0;
				TARGETED_DEVICE_FAMILY = "1,2";
				TEST_HOST = "$(BUILT_PRODUCTS_DIR)/Scrumdinger.app/Scrumdinger";
			};
			name = Release;
		};
		285879D62872C536008F0C10 /* Debug */ = {
			isa = XCBuildConfiguration;
			buildSettings = {
				ALWAYS_EMBED_SWIFT_STANDARD_LIBRARIES = YES;
				CODE_SIGN_STYLE = Automatic;
				CURRENT_PROJECT_VERSION = 1;
				DEVELOPMENT_TEAM = D36U9R66JG;
				GENERATE_INFOPLIST_FILE = YES;
				MARKETING_VERSION = 1.0;
				PRODUCT_BUNDLE_IDENTIFIER = "com.m-rn.ScrumdingerUITests";
				PRODUCT_NAME = "$(TARGET_NAME)";
				SWIFT_EMIT_LOC_STRINGS = NO;
				SWIFT_VERSION = 5.0;
				TARGETED_DEVICE_FAMILY = "1,2";
				TEST_TARGET_NAME = Scrumdinger;
			};
			name = Debug;
		};
		285879D72872C536008F0C10 /* Release */ = {
			isa = XCBuildConfiguration;
			buildSettings = {
				ALWAYS_EMBED_SWIFT_STANDARD_LIBRARIES = YES;
				CODE_SIGN_STYLE = Automatic;
				CURRENT_PROJECT_VERSION = 1;
				DEVELOPMENT_TEAM = D36U9R66JG;
				GENERATE_INFOPLIST_FILE = YES;
				MARKETING_VERSION = 1.0;
				PRODUCT_BUNDLE_IDENTIFIER = "com.m-rn.ScrumdingerUITests";
				PRODUCT_NAME = "$(TARGET_NAME)";
				SWIFT_EMIT_LOC_STRINGS = NO;
				SWIFT_VERSION = 5.0;
				TARGETED_DEVICE_FAMILY = "1,2";
				TEST_TARGET_NAME = Scrumdinger;
			};
			name = Release;
		};
/* End XCBuildConfiguration section */

/* Begin XCConfigurationList section */
		285879A62872C532008F0C10 /* Build configuration list for PBXProject "Scrumdinger" */ = {
			isa = XCConfigurationList;
			buildConfigurations = (
				285879CD2872C536008F0C10 /* Debug */,
				285879CE2872C536008F0C10 /* Release */,
			);
			defaultConfigurationIsVisible = 0;
			defaultConfigurationName = Release;
		};
		285879CF2872C536008F0C10 /* Build configuration list for PBXNativeTarget "Scrumdinger" */ = {
			isa = XCConfigurationList;
			buildConfigurations = (
				285879D02872C536008F0C10 /* Debug */,
				285879D12872C536008F0C10 /* Release */,
			);
			defaultConfigurationIsVisible = 0;
			defaultConfigurationName = Release;
		};
		285879D22872C536008F0C10 /* Build configuration list for PBXNativeTarget "ScrumdingerTests" */ = {
			isa = XCConfigurationList;
			buildConfigurations = (
				285879D32872C536008F0C10 /* Debug */,
				285879D42872C536008F0C10 /* Release */,
			);
			defaultConfigurationIsVisible = 0;
			defaultConfigurationName = Release;
		};
		285879D52872C536008F0C10 /* Build configuration list for PBXNativeTarget "ScrumdingerUITests" */ = {
			isa = XCConfigurationList;
			buildConfigurations = (
				285879D62872C536008F0C10 /* Debug */,
				285879D72872C536008F0C10 /* Release */,
			);
			defaultConfigurationIsVisible = 0;
			defaultConfigurationName = Release;
		};
/* End XCConfigurationList section */
	};
	rootObject = 285879A32872C532008F0C10 /* Project object */;
}
